
Microsoft Visual Studio Solution File, Format Version 12.00
# Visual Studio Version 16
VisualStudioVersion = 16.0.32002.261
MinimumVisualStudioVersion = 10.0.40219.1
Project("{8BC9CEB8-8B4A-11D0-8D11-00A0C91BC942}") = "SimpleNote", "SimpleNote\SimpleNote.vcxproj", "{0D204CF9-9783-4920-8DA6-5EE1891F35AE}"
EndProject
Global
	GlobalSection(SolutionConfigurationPlatforms) = preSolution
		Debug|x64 = Debug|x64
		Release|x64 = Release|x64
	EndGlobalSection
	GlobalSection(ProjectConfigurationPlatforms) = postSolution
		{0D204CF9-9783-4920-8DA6-5EE1891F35AE}.Debug|x64.ActiveCfg = Debug|x64
		{0D204CF9-9783-4920-8DA6-5EE1891F35AE}.Debug|x64.Build.0 = Debug|x64
		{0D204CF9-9783-4920-8DA6-5EE1891F35AE}.Release|x64.ActiveCfg = Release|x64
		{0D204CF9-9783-4920-8DA6-5EE1891F35AE}.Release|x64.Build.0 = Release|x64
	EndGlobalSection
	GlobalSection(SolutionProperties) = preSolution
		HideSolutionNode = FALSE
	EndGlobalSection
	GlobalSection(ExtensibilityGlobals) = postSolution
		SolutionGuid = {F9D4D5A6-E1F4-4C21-8B5D-4373B401BD3A}
	EndGlobalSection
EndGlobal
