<?xml version="1.0" encoding="utf-8"?>
<Project ToolsVersion="4.0" xmlns="http://schemas.microsoft.com/developer/msbuild/2003">
  <ItemGroup>
    <Filter Include="Source Files">
      <UniqueIdentifier>{4FC737F1-C7A5-4376-A066-2A32D752A2FF}</UniqueIdentifier>
      <Extensions>cpp;c;cc;cxx;def;odl;idl;hpj;bat;asm;asmx</Extensions>
    </Filter>
    <Filter Include="Header Files">
      <UniqueIdentifier>{93995380-89BD-4b04-88EB-625FBE52EBFB}</UniqueIdentifier>
      <Extensions>h;hh;hpp;hxx;hm;inl;inc;xsd</Extensions>
    </Filter>
    <Filter Include="Resource Files">
      <UniqueIdentifier>{67DA6AB6-F800-4c08-8B7A-83BB121AAD01}</UniqueIdentifier>
      <Extensions>qrc;rc;ico;cur;bmp;dlg;rc2;rct;bin;rgs;gif;jpg;jpeg;jpe;resx;tiff;tif;png;wav;mfcribbon-ms</Extensions>
    </Filter>
    <Filter Include="Form Files">
      <UniqueIdentifier>{99349809-55BA-4b9d-BF79-8FDBB0286EB3}</UniqueIdentifier>
      <Extensions>ui</Extensions>
    </Filter>
    <Filter Include="Translation Files">
      <UniqueIdentifier>{639EADAA-A684-42e4-A9AD-28FC9BCB8F7C}</UniqueIdentifier>
      <Extensions>ts</Extensions>
    </Filter>
    <Filter Include="Source Files\lib_moc">
      <UniqueIdentifier>{3951f864-6056-4b06-87d3-63a80da7b863}</UniqueIdentifier>
    </Filter>
    <Filter Include="qss">
      <UniqueIdentifier>{54c8e50a-9945-47d1-9553-a279441f8540}</UniqueIdentifier>
    </Filter>
    <Filter Include="Source Files\control">
      <UniqueIdentifier>{f74326cb-4153-4735-b66c-90a79be41ad5}</UniqueIdentifier>
    </Filter>
    <Filter Include="Source Files\widget">
      <UniqueIdentifier>{b9689fea-689c-4af0-b330-a59bd8d5e19b}</UniqueIdentifier>
    </Filter>
    <Filter Include="Header Files\widget">
      <UniqueIdentifier>{e20a2bdb-4124-47a0-8658-12768a76219e}</UniqueIdentifier>
    </Filter>
    <Filter Include="Header Files\control">
      <UniqueIdentifier>{f5013ed6-8cc4-4576-83f8-b9334ec4d0ea}</UniqueIdentifier>
    </Filter>
    <Filter Include="Header Files\utils">
      <UniqueIdentifier>{05a929be-4e82-40b8-9230-9dd11c0eb95d}</UniqueIdentifier>
    </Filter>
    <Filter Include="Source Files\utils">
      <UniqueIdentifier>{13a59c36-27a6-41ff-bb6f-7211cf175674}</UniqueIdentifier>
    </Filter>
  </ItemGroup>
  <ItemGroup>
    <ClCompile Include="main.cpp">
      <Filter>Source Files</Filter>
    </ClCompile>
    <ClCompile Include="..\lib\moc\moc_FramelessWidget.cpp">
      <Filter>Source Files\lib_moc</Filter>
    </ClCompile>
    <ClCompile Include="..\lib\moc\moc_RichEditor.cpp">
      <Filter>Source Files\lib_moc</Filter>
    </ClCompile>
    <ClCompile Include="widget\NoteWidget.cpp">
      <Filter>Source Files\widget</Filter>
    </ClCompile>
    <ClCompile Include="widget\SimpleNote.cpp">
      <Filter>Source Files\widget</Filter>
    </ClCompile>
    <ClCompile Include="control\SimpleNoteControl.cpp">
      <Filter>Source Files\control</Filter>
    </ClCompile>
    <ClCompile Include="Utils\QtUtils.cpp">
      <Filter>Source Files\utils</Filter>
    </ClCompile>
  </ItemGroup>
  <ItemGroup>
    <QtMoc Include="widget\NoteWidget.h">
      <Filter>Header Files\widget</Filter>
    </QtMoc>
    <QtMoc Include="widget\SimpleNote.h">
      <Filter>Header Files\widget</Filter>
    </QtMoc>
  </ItemGroup>
  <ItemGroup>
    <QtUic Include="widget\SimpleNote.ui">
      <Filter>Form Files</Filter>
    </QtUic>
    <QtUic Include="widget\NoteWidget.ui">
      <Filter>Form Files</Filter>
    </QtUic>
  </ItemGroup>
  <ItemGroup>
    <QtRcc Include="res\SimpleNote.qrc">
      <Filter>Resource Files</Filter>
    </QtRcc>
  </ItemGroup>
  <ItemGroup>
    <None Include="res\qss\SimpleNote.qss">
      <Filter>qss</Filter>
    </None>
    <None Include="res\qss\NoteWidget.qss">
      <Filter>qss</Filter>
    </None>
  </ItemGroup>
  <ItemGroup>
    <ClInclude Include="control\ComDefs.h">
      <Filter>Header Files\control</Filter>
    </ClInclude>
    <ClInclude Include="control\SimpleNoteControl.h">
      <Filter>Header Files\control</Filter>
    </ClInclude>
    <ClInclude Include="Utils\QtUtils.h">
      <Filter>Header Files\utils</Filter>
    </ClInclude>
  </ItemGroup>
</Project>